
Microsoft Visual Studio Solution File, Format Version 12.00
# Visual Studio 14
VisualStudioVersion = 14.0.25420.1
MinimumVisualStudioVersion = 10.0.40219.1
Project("{FAE04EC0-301F-11D3-BF4B-00C04F79EFBC}") = "Evant", "Evant\Evant.csproj", "{36164E05-69A2-4E31-91E9-73B8CAEC544E}"
EndProject
Project("{FAE04EC0-301F-11D3-BF4B-00C04F79EFBC}") = "Evant.BO", "Evant.BO\Evant.BO.csproj", "{AFEC5C83-A99F-4F72-9E6B-005C928A3CA9}"
EndProject
Project("{FAE04EC0-301F-11D3-BF4B-00C04F79EFBC}") = "Evant.BAL", "Evant.BAL\Evant.BAL.csproj", "{56083F94-A47C-4BC2-849A-7C9427AA92BA}"
EndProject
Project("{FAE04EC0-301F-11D3-BF4B-00C04F79EFBC}") = "Evant.DAL", "Evant.DAL\Evant.DAL.csproj", "{97F2C87B-6C16-4F4B-AF38-289EAAABA6F3}"
EndProject
Global
	GlobalSection(SolutionConfigurationPlatforms) = preSolution
		Debug|Any CPU = Debug|Any CPU
		Release|Any CPU = Release|Any CPU
	EndGlobalSection
	GlobalSection(ProjectConfigurationPlatforms) = postSolution
		{36164E05-69A2-4E31-91E9-73B8CAEC544E}.Debug|Any CPU.ActiveCfg = Debug|Any CPU
		{36164E05-69A2-4E31-91E9-73B8CAEC544E}.Debug|Any CPU.Build.0 = Debug|Any CPU
		{36164E05-69A2-4E31-91E9-73B8CAEC544E}.Release|Any CPU.ActiveCfg = Release|Any CPU
		{36164E05-69A2-4E31-91E9-73B8CAEC544E}.Release|Any CPU.Build.0 = Release|Any CPU
		{AFEC5C83-A99F-4F72-9E6B-005C928A3CA9}.Debug|Any CPU.ActiveCfg = Debug|Any CPU
		{AFEC5C83-A99F-4F72-9E6B-005C928A3CA9}.Debug|Any CPU.Build.0 = Debug|Any CPU
		{AFEC5C83-A99F-4F72-9E6B-005C928A3CA9}.Release|Any CPU.ActiveCfg = Release|Any CPU
		{AFEC5C83-A99F-4F72-9E6B-005C928A3CA9}.Release|Any CPU.Build.0 = Release|Any CPU
		{56083F94-A47C-4BC2-849A-7C9427AA92BA}.Debug|Any CPU.ActiveCfg = Debug|Any CPU
		{56083F94-A47C-4BC2-849A-7C9427AA92BA}.Debug|Any CPU.Build.0 = Debug|Any CPU
		{56083F94-A47C-4BC2-849A-7C9427AA92BA}.Release|Any CPU.ActiveCfg = Release|Any CPU
		{56083F94-A47C-4BC2-849A-7C9427AA92BA}.Release|Any CPU.Build.0 = Release|Any CPU
		{97F2C87B-6C16-4F4B-AF38-289EAAABA6F3}.Debug|Any CPU.ActiveCfg = Debug|Any CPU
		{97F2C87B-6C16-4F4B-AF38-289EAAABA6F3}.Debug|Any CPU.Build.0 = Debug|Any CPU
		{97F2C87B-6C16-4F4B-AF38-289EAAABA6F3}.Release|Any CPU.ActiveCfg = Release|Any CPU
		{97F2C87B-6C16-4F4B-AF38-289EAAABA6F3}.Release|Any CPU.Build.0 = Release|Any CPU
	EndGlobalSection
	GlobalSection(SolutionProperties) = preSolution
		HideSolutionNode = FALSE
	EndGlobalSection
EndGlobal
